
Microsoft Visual Studio Solution File, Format Version 12.00
# Visual Studio Version 17
VisualStudioVersion = 17.5.002.0
MinimumVisualStudioVersion = 10.0.40219.1
Project("{9A19103F-16F7-4668-BE54-9A1E7A4F7556}") = "Task_4v1", "Task_4v1.csproj", "{04FD144F-8137-4179-A558-686B3775CA1A}"
EndProject
Global
	GlobalSection(SolutionConfigurationPlatforms) = preSolution
		Debug|Any CPU = Debug|Any CPU
		Release|Any CPU = Release|Any CPU
	EndGlobalSection
	GlobalSection(ProjectConfigurationPlatforms) = postSolution
		{04FD144F-8137-4179-A558-686B3775CA1A}.Debug|Any CPU.ActiveCfg = Debug|Any CPU
		{04FD144F-8137-4179-A558-686B3775CA1A}.Debug|Any CPU.Build.0 = Debug|Any CPU
		{04FD144F-8137-4179-A558-686B3775CA1A}.Release|Any CPU.ActiveCfg = Release|Any CPU
		{04FD144F-8137-4179-A558-686B3775CA1A}.Release|Any CPU.Build.0 = Release|Any CPU
	EndGlobalSection
	GlobalSection(SolutionProperties) = preSolution
		HideSolutionNode = FALSE
	EndGlobalSection
	GlobalSection(ExtensibilityGlobals) = postSolution
		SolutionGuid = {913344C5-C409-476B-8F61-C0014066D77E}
	EndGlobalSection
EndGlobal
